// !$*UTF8*$!
{
	archiveVersion = 1;
	classes = {
	};
	objectVersion = 55;
	objects = {

/* Begin PBXBuildFile section */
		2085D41228526D25002EA0A7 /* main.cpp in Sources */ = {isa = PBXBuildFile; fileRef = 2085D41128526D25002EA0A7 /* main.cpp */; };
		2085D41A28526D3E002EA0A7 /* IPlayer.cpp in Sources */ = {isa = PBXBuildFile; fileRef = 2085D41928526D3E002EA0A7 /* IPlayer.cpp */; };
		2085D4202852761F002EA0A7 /* PlayerA.cpp in Sources */ = {isa = PBXBuildFile; fileRef = 2085D41E2852761F002EA0A7 /* PlayerA.cpp */; };
		2085D42328527A7A002EA0A7 /* PlayerB.cpp in Sources */ = {isa = PBXBuildFile; fileRef = 2085D42128527A7A002EA0A7 /* PlayerB.cpp */; };
/* End PBXBuildFile section */

/* Begin PBXCopyFilesBuildPhase section */
		2085D40C28526D25002EA0A7 /* CopyFiles */ = {
			isa = PBXCopyFilesBuildPhase;
			buildActionMask = 2147483647;
			dstPath = /usr/share/man/man1/;
			dstSubfolderSpec = 0;
			files = (
			);
			runOnlyForDeploymentPostprocessing = 1;
		};
/* End PBXCopyFilesBuildPhase section */

/* Begin PBXFileReference section */
		2085D40E28526D25002EA0A7 /* OOP_EX */ = {isa = PBXFileReference; explicitFileType = "compiled.mach-o.executable"; includeInIndex = 0; path = OOP_EX; sourceTree = BUILT_PRODUCTS_DIR; };
		2085D41128526D25002EA0A7 /* main.cpp */ = {isa = PBXFileReference; lastKnownFileType = sourcecode.cpp.cpp; path = main.cpp; sourceTree = "<group>"; };
		2085D41828526D3E002EA0A7 /* IPlayer.h */ = {isa = PBXFileReference; fileEncoding = 4; lastKnownFileType = sourcecode.c.h; path = IPlayer.h; sourceTree = "<group>"; };
		2085D41928526D3E002EA0A7 /* IPlayer.cpp */ = {isa = PBXFileReference; fileEncoding = 4; lastKnownFileType = sourcecode.cpp.cpp; path = IPlayer.cpp; sourceTree = "<group>"; };
		2085D41E2852761F002EA0A7 /* PlayerA.cpp */ = {isa = PBXFileReference; lastKnownFileType = sourcecode.cpp.cpp; path = PlayerA.cpp; sourceTree = "<group>"; };
		2085D41F2852761F002EA0A7 /* PlayerA.hpp */ = {isa = PBXFileReference; lastKnownFileType = sourcecode.cpp.h; path = PlayerA.hpp; sourceTree = "<group>"; };
		2085D42128527A7A002EA0A7 /* PlayerB.cpp */ = {isa = PBXFileReference; lastKnownFileType = sourcecode.cpp.cpp; path = PlayerB.cpp; sourceTree = "<group>"; };
		2085D42228527A7A002EA0A7 /* PlayerB.hpp */ = {isa = PBXFileReference; lastKnownFileType = sourcecode.cpp.h; path = PlayerB.hpp; sourceTree = "<group>"; };
/* End PBXFileReference section */

/* Begin PBXFrameworksBuildPhase section */
		2085D40B28526D25002EA0A7 /* Frameworks */ = {
			isa = PBXFrameworksBuildPhase;
			buildActionMask = 2147483647;
			files = (
			);
			runOnlyForDeploymentPostprocessing = 0;
		};
/* End PBXFrameworksBuildPhase section */

/* Begin PBXGroup section */
		2085D40528526D25002EA0A7 = {
			isa = PBXGroup;
			children = (
				2085D41028526D25002EA0A7 /* OOP_EX */,
				2085D40F28526D25002EA0A7 /* Products */,
			);
			sourceTree = "<group>";
		};
		2085D40F28526D25002EA0A7 /* Products */ = {
			isa = PBXGroup;
			children = (
				2085D40E28526D25002EA0A7 /* OOP_EX */,
			);
			name = Products;
			sourceTree = "<group>";
		};
		2085D41028526D25002EA0A7 /* OOP_EX */ = {
			isa = PBXGroup;
			children = (
				2085D41128526D25002EA0A7 /* main.cpp */,
				2085D41928526D3E002EA0A7 /* IPlayer.cpp */,
				2085D41828526D3E002EA0A7 /* IPlayer.h */,
				2085D41E2852761F002EA0A7 /* PlayerA.cpp */,
				2085D41F2852761F002EA0A7 /* PlayerA.hpp */,
				2085D42128527A7A002EA0A7 /* PlayerB.cpp */,
				2085D42228527A7A002EA0A7 /* PlayerB.hpp */,
			);
			path = OOP_EX;
			sourceTree = "<group>";
		};
/* End PBXGroup section */

/* Begin PBXNativeTarget section */
		2085D40D28526D25002EA0A7 /* OOP_EX */ = {
			isa = PBXNativeTarget;
			buildConfigurationList = 2085D41528526D25002EA0A7 /* Build configuration list for PBXNativeTarget "OOP_EX" */;
			buildPhases = (
				2085D40A28526D25002EA0A7 /* Sources */,
				2085D40B28526D25002EA0A7 /* Frameworks */,
				2085D40C28526D25002EA0A7 /* CopyFiles */,
			);
			buildRules = (
			);
			dependencies = (
			);
			name = OOP_EX;
			productName = OOP_EX;
			productReference = 2085D40E28526D25002EA0A7 /* OOP_EX */;
			productType = "com.apple.product-type.tool";
		};
/* End PBXNativeTarget section */

/* Begin PBXProject section */
		2085D40628526D25002EA0A7 /* Project object */ = {
			isa = PBXProject;
			attributes = {
				BuildIndependentTargetsInParallel = 1;
				LastUpgradeCheck = 1340;
				TargetAttributes = {
					2085D40D28526D25002EA0A7 = {
						CreatedOnToolsVersion = 13.4.1;
					};
				};
			};
			buildConfigurationList = 2085D40928526D25002EA0A7 /* Build configuration list for PBXProject "OOP_EX" */;
			compatibilityVersion = "Xcode 13.0";
			developmentRegion = en;
			hasScannedForEncodings = 0;
			knownRegions = (
				en,
				Base,
			);
			mainGroup = 2085D40528526D25002EA0A7;
			productRefGroup = 2085D40F28526D25002EA0A7 /* Products */;
			projectDirPath = "";
			projectRoot = "";
			targets = (
				2085D40D28526D25002EA0A7 /* OOP_EX */,
			);
		};
/* End PBXProject section */

/* Begin PBXSourcesBuildPhase section */
		2085D40A28526D25002EA0A7 /* Sources */ = {
			isa = PBXSourcesBuildPhase;
			buildActionMask = 2147483647;
			files = (
				2085D4202852761F002EA0A7 /* PlayerA.cpp in Sources */,
				2085D41A28526D3E002EA0A7 /* IPlayer.cpp in Sources */,
				2085D41228526D25002EA0A7 /* main.cpp in Sources */,
				2085D42328527A7A002EA0A7 /* PlayerB.cpp in Sources */,
			);
			runOnlyForDeploymentPostprocessing = 0;
		};
/* End PBXSourcesBuildPhase section */

/* Begin XCBuildConfiguration section */
		2085D41328526D25002EA0A7 /* Debug */ = {
			isa = XCBuildConfiguration;
			buildSettings = {
				ALWAYS_SEARCH_USER_PATHS = NO;
				CLANG_ANALYZER_NONNULL = YES;
				CLANG_ANALYZER_NUMBER_OBJECT_CONVERSION = YES_AGGRESSIVE;
				CLANG_CXX_LANGUAGE_STANDARD = "gnu++17";
				CLANG_ENABLE_MODULES = YES;
				CLANG_ENABLE_OBJC_ARC = YES;
				CLANG_ENABLE_OBJC_WEAK = YES;
				CLANG_WARN_BLOCK_CAPTURE_AUTORELEASING = YES;
				CLANG_WARN_BOOL_CONVERSION = YES;
				CLANG_WARN_COMMA = YES;
				CLANG_WARN_CONSTANT_CONVERSION = YES;
				CLANG_WARN_DEPRECATED_OBJC_IMPLEMENTATIONS = YES;
				CLANG_WARN_DIRECT_OBJC_ISA_USAGE = YES_ERROR;
				CLANG_WARN_DOCUMENTATION_COMMENTS = YES;
				CLANG_WARN_EMPTY_BODY = YES;
				CLANG_WARN_ENUM_CONVERSION = YES;
				CLANG_WARN_INFINITE_RECURSION = YES;
				CLANG_WARN_INT_CONVERSION = YES;
				CLANG_WARN_NON_LITERAL_NULL_CONVERSION = YES;
				CLANG_WARN_OBJC_IMPLICIT_RETAIN_SELF = YES;
				CLANG_WARN_OBJC_LITERAL_CONVERSION = YES;
				CLANG_WARN_OBJC_ROOT_CLASS = YES_ERROR;
				CLANG_WARN_QUOTED_INCLUDE_IN_FRAMEWORK_HEADER = YES;
				CLANG_WARN_RANGE_LOOP_ANALYSIS = YES;
				CLANG_WARN_STRICT_PROTOTYPES = YES;
				CLANG_WARN_SUSPICIOUS_MOVE = YES;
				CLANG_WARN_UNGUARDED_AVAILABILITY = YES_AGGRESSIVE;
				CLANG_WARN_UNREACHABLE_CODE = YES;
				CLANG_WARN__DUPLICATE_METHOD_MATCH = YES;
				COPY_PHASE_STRIP = NO;
				DEBUG_INFORMATION_FORMAT = dwarf;
				ENABLE_STRICT_OBJC_MSGSEND = YES;
				ENABLE_TESTABILITY = YES;
				GCC_C_LANGUAGE_STANDARD = gnu11;
				GCC_DYNAMIC_NO_PIC = NO;
				GCC_NO_COMMON_BLOCKS = YES;
				GCC_OPTIMIZATION_LEVEL = 0;
				GCC_PREPROCESSOR_DEFINITIONS = (
					"DEBUG=1",
					"$(inherited)",
				);
				GCC_WARN_64_TO_32_BIT_CONVERSION = YES;
				GCC_WARN_ABOUT_RETURN_TYPE = YES_ERROR;
				GCC_WARN_UNDECLARED_SELECTOR = YES;
				GCC_WARN_UNINITIALIZED_AUTOS = YES_AGGRESSIVE;
				GCC_WARN_UNUSED_FUNCTION = YES;
				GCC_WARN_UNUSED_VARIABLE = YES;
				MACOSX_DEPLOYMENT_TARGET = 12.3;
				MTL_ENABLE_DEBUG_INFO = INCLUDE_SOURCE;
				MTL_FAST_MATH = YES;
				ONLY_ACTIVE_ARCH = YES;
				SDKROOT = macosx;
			};
			name = Debug;
		};
		2085D41428526D25002EA0A7 /* Release */ = {
			isa = XCBuildConfiguration;
			buildSettings = {
				ALWAYS_SEARCH_USER_PATHS = NO;
				CLANG_ANALYZER_NONNULL = YES;
				CLANG_ANALYZER_NUMBER_OBJECT_CONVERSION = YES_AGGRESSIVE;
				CLANG_CXX_LANGUAGE_STANDARD = "gnu++17";
				CLANG_ENABLE_MODULES = YES;
				CLANG_ENABLE_OBJC_ARC = YES;
				CLANG_ENABLE_OBJC_WEAK = YES;
				CLANG_WARN_BLOCK_CAPTURE_AUTORELEASING = YES;
				CLANG_WARN_BOOL_CONVERSION = YES;
				CLANG_WARN_COMMA = YES;
				CLANG_WARN_CONSTANT_CONVERSION = YES;
				CLANG_WARN_DEPRECATED_OBJC_IMPLEMENTATIONS = YES;
				CLANG_WARN_DIRECT_OBJC_ISA_USAGE = YES_ERROR;
				CLANG_WARN_DOCUMENTATION_COMMENTS = YES;
				CLANG_WARN_EMPTY_BODY = YES;
				CLANG_WARN_ENUM_CONVERSION = YES;
				CLANG_WARN_INFINITE_RECURSION = YES;
				CLANG_WARN_INT_CONVERSION = YES;
				CLANG_WARN_NON_LITERAL_NULL_CONVERSION = YES;
				CLANG_WARN_OBJC_IMPLICIT_RETAIN_SELF = YES;
				CLANG_WARN_OBJC_LITERAL_CONVERSION = YES;
				CLANG_WARN_OBJC_ROOT_CLASS = YES_ERROR;
				CLANG_WARN_QUOTED_INCLUDE_IN_FRAMEWORK_HEADER = YES;
				CLANG_WARN_RANGE_LOOP_ANALYSIS = YES;
				CLANG_WARN_STRICT_PROTOTYPES = YES;
				CLANG_WARN_SUSPICIOUS_MOVE = YES;
				CLANG_WARN_UNGUARDED_AVAILABILITY = YES_AGGRESSIVE;
				CLANG_WARN_UNREACHABLE_CODE = YES;
				CLANG_WARN__DUPLICATE_METHOD_MATCH = YES;
				COPY_PHASE_STRIP = NO;
				DEBUG_INFORMATION_FORMAT = "dwarf-with-dsym";
				ENABLE_NS_ASSERTIONS = NO;
				ENABLE_STRICT_OBJC_MSGSEND = YES;
				GCC_C_LANGUAGE_STANDARD = gnu11;
				GCC_NO_COMMON_BLOCKS = YES;
				GCC_WARN_64_TO_32_BIT_CONVERSION = YES;
				GCC_WARN_ABOUT_RETURN_TYPE = YES_ERROR;
				GCC_WARN_UNDECLARED_SELECTOR = YES;
				GCC_WARN_UNINITIALIZED_AUTOS = YES_AGGRESSIVE;
				GCC_WARN_UNUSED_FUNCTION = YES;
				GCC_WARN_UNUSED_VARIABLE = YES;
				MACOSX_DEPLOYMENT_TARGET = 12.3;
				MTL_ENABLE_DEBUG_INFO = NO;
				MTL_FAST_MATH = YES;
				SDKROOT = macosx;
			};
			name = Release;
		};
		2085D41628526D25002EA0A7 /* Debug */ = {
			isa = XCBuildConfiguration;
			buildSettings = {
				CODE_SIGN_STYLE = Automatic;
				DEVELOPMENT_TEAM = YD2QBR6833;
				ENABLE_HARDENED_RUNTIME = YES;
				PRODUCT_NAME = "$(TARGET_NAME)";
			};
			name = Debug;
		};
		2085D41728526D25002EA0A7 /* Release */ = {
			isa = XCBuildConfiguration;
			buildSettings = {
				CODE_SIGN_STYLE = Automatic;
				DEVELOPMENT_TEAM = YD2QBR6833;
				ENABLE_HARDENED_RUNTIME = YES;
				PRODUCT_NAME = "$(TARGET_NAME)";
			};
			name = Release;
		};
/* End XCBuildConfiguration section */

/* Begin XCConfigurationList section */
		2085D40928526D25002EA0A7 /* Build configuration list for PBXProject "OOP_EX" */ = {
			isa = XCConfigurationList;
			buildConfigurations = (
				2085D41328526D25002EA0A7 /* Debug */,
				2085D41428526D25002EA0A7 /* Release */,
			);
			defaultConfigurationIsVisible = 0;
			defaultConfigurationName = Release;
		};
		2085D41528526D25002EA0A7 /* Build configuration list for PBXNativeTarget "OOP_EX" */ = {
			isa = XCConfigurationList;
			buildConfigurations = (
				2085D41628526D25002EA0A7 /* Debug */,
				2085D41728526D25002EA0A7 /* Release */,
			);
			defaultConfigurationIsVisible = 0;
			defaultConfigurationName = Release;
		};
/* End XCConfigurationList section */
	};
	rootObject = 2085D40628526D25002EA0A7 /* Project object */;
}
